
Microsoft Visual Studio Solution File, Format Version 12.00
# Visual Studio Version 17
VisualStudioVersion = 17.3.32922.545
MinimumVisualStudioVersion = 10.0.40219.1
Project("{FAE04EC0-301F-11D3-BF4B-00C04F79EFBC}") = "Cards.API", "Cards.API\Cards.API.csproj", "{E54753A8-D019-4BF0-93A7-B05DEBE5E4EF}"
EndProject
Global
	GlobalSection(SolutionConfigurationPlatforms) = preSolution
		Debug|Any CPU = Debug|Any CPU
		Release|Any CPU = Release|Any CPU
	EndGlobalSection
	GlobalSection(ProjectConfigurationPlatforms) = postSolution
		{E54753A8-D019-4BF0-93A7-B05DEBE5E4EF}.Debug|Any CPU.ActiveCfg = Debug|Any CPU
		{E54753A8-D019-4BF0-93A7-B05DEBE5E4EF}.Debug|Any CPU.Build.0 = Debug|Any CPU
		{E54753A8-D019-4BF0-93A7-B05DEBE5E4EF}.Release|Any CPU.ActiveCfg = Release|Any CPU
		{E54753A8-D019-4BF0-93A7-B05DEBE5E4EF}.Release|Any CPU.Build.0 = Release|Any CPU
	EndGlobalSection
	GlobalSection(SolutionProperties) = preSolution
		HideSolutionNode = FALSE
	EndGlobalSection
	GlobalSection(ExtensibilityGlobals) = postSolution
		SolutionGuid = {E316EED6-BEA3-4644-8CCC-8BF326518907}
	EndGlobalSection
EndGlobal
